// !$*UTF8*$!
{
	archiveVersion = 1;
	classes = {
	};
	objectVersion = 50;
	objects = {

/* Begin PBXBuildFile section */
		50E6005B286DF4060077CA5F /* NSString+DJL.m in Sources */ = {isa = PBXBuildFile; fileRef = 50E60056286DF4060077CA5F /* NSString+DJL.m */; };
		50E6005C286DF4060077CA5F /* NSDictionary+DJL.m in Sources */ = {isa = PBXBuildFile; fileRef = 50E60057286DF4060077CA5F /* NSDictionary+DJL.m */; };
		50E6005D286DF4060077CA5F /* DJLURLHandler.m in Sources */ = {isa = PBXBuildFile; fileRef = 50E60058286DF4060077CA5F /* DJLURLHandler.m */; };
		50E60060286DFBBA0077CA5F /* NSURL+DJL.m in Sources */ = {isa = PBXBuildFile; fileRef = 50E6005E286DFBBA0077CA5F /* NSURL+DJL.m */; };
		C6A2C6F52423D44B00DAA557 /* getInboxCount.js in Resources */ = {isa = PBXBuildFile; fileRef = C6A2C6F42423D44B00DAA557 /* getInboxCount.js */; };
		C6A2C6F82423DA8700DAA557 /* New Mail.aiff in Resources */ = {isa = PBXBuildFile; fileRef = C6A2C6F72423DA8700DAA557 /* New Mail.aiff */; };
		C6A2C6FB2423DA9000DAA557 /* Mail Sent.aiff in Resources */ = {isa = PBXBuildFile; fileRef = C6A2C6FA2423DA9000DAA557 /* Mail Sent.aiff */; };
		C6A2C6FE2423DBB200DAA557 /* Notifications.swift in Sources */ = {isa = PBXBuildFile; fileRef = C6A2C6FD2423DBB200DAA557 /* Notifications.swift */; };
		C6A5766B2424269600B624AB /* WebKit.framework in Frameworks */ = {isa = PBXBuildFile; fileRef = C6A5766A2424269600B624AB /* WebKit.framework */; };
		C6A5766E24242A1100B624AB /* HiddenWebView.swift in Sources */ = {isa = PBXBuildFile; fileRef = C6A5766D24242A1100B624AB /* HiddenWebView.swift */; };
		C6A5767124242B2D00B624AB /* checkForLogin.js in Resources */ = {isa = PBXBuildFile; fileRef = C6A5767024242B2D00B624AB /* checkForLogin.js */; };
		C6A5767424242D2F00B624AB /* FMWebView.swift in Sources */ = {isa = PBXBuildFile; fileRef = C6A5767324242D2F00B624AB /* FMWebView.swift */; };
		C6A576772424316000B624AB /* getUnreadEmails.js in Resources */ = {isa = PBXBuildFile; fileRef = C6A576762424316000B624AB /* getUnreadEmails.js */; };
		C6AE9BDB2429AE9C0052676D /* Account.swift in Sources */ = {isa = PBXBuildFile; fileRef = C6AE9BDA2429AE9C0052676D /* Account.swift */; };
		C6AE9BDE2429B48C0052676D /* AccountWindowController.xib in Resources */ = {isa = PBXBuildFile; fileRef = C6AE9BDD2429B48C0052676D /* AccountWindowController.xib */; };
		C6AE9BE42429BD590052676D /* EmailMemory.swift in Sources */ = {isa = PBXBuildFile; fileRef = C6AE9BE32429BD590052676D /* EmailMemory.swift */; };
		C6FF2581241A866F00C896DA /* AppDelegate.swift in Sources */ = {isa = PBXBuildFile; fileRef = C6FF2580241A866F00C896DA /* AppDelegate.swift */; };
		C6FF2583241A867400C896DA /* Assets.xcassets in Resources */ = {isa = PBXBuildFile; fileRef = C6FF2582241A867400C896DA /* Assets.xcassets */; };
		C6FF2586241A867400C896DA /* MainMenu.xib in Resources */ = {isa = PBXBuildFile; fileRef = C6FF2584241A867400C896DA /* MainMenu.xib */; };
		C6FF25AB241A8B8600C896DA /* AccountWindowController.swift in Sources */ = {isa = PBXBuildFile; fileRef = C6FF2599241A8B8600C896DA /* AccountWindowController.swift */; };
		C6FF25CA241A8EB300C896DA /* Constants.swift in Sources */ = {isa = PBXBuildFile; fileRef = C6FF25C9241A8EB300C896DA /* Constants.swift */; };
		C6FF25CC241A92AD00C896DA /* Extensions.swift in Sources */ = {isa = PBXBuildFile; fileRef = C6FF25CB241A92AD00C896DA /* Extensions.swift */; };
		C6FF25D0241A932F00C896DA /* PrefsWindowController.xib in Resources */ = {isa = PBXBuildFile; fileRef = C6FF25CE241A932F00C896DA /* PrefsWindowController.xib */; };
		C6FF25D1241A932F00C896DA /* PrefsWindowController.swift in Sources */ = {isa = PBXBuildFile; fileRef = C6FF25CF241A932F00C896DA /* PrefsWindowController.swift */; };
		C6FF25E3241A9C7900C896DA /* Defaults.plist in Resources */ = {isa = PBXBuildFile; fileRef = C6FF25E2241A9C7900C896DA /* Defaults.plist */; };
/* End PBXBuildFile section */

/* Begin PBXCopyFilesBuildPhase section */
		C6FF2590241A899C00C896DA /* Copy Frameworks */ = {
			isa = PBXCopyFilesBuildPhase;
			buildActionMask = 2147483647;
			dstPath = "";
			dstSubfolderSpec = 10;
			files = (
			);
			name = "Copy Frameworks";
			runOnlyForDeploymentPostprocessing = 0;
		};
/* End PBXCopyFilesBuildPhase section */

/* Begin PBXFileReference section */
		50E60041286BA8E20077CA5F /* Fastmail-Bridging-Header.h */ = {isa = PBXFileReference; lastKnownFileType = sourcecode.c.h; path = "Fastmail-Bridging-Header.h"; sourceTree = "<group>"; };
		50E60055286DF4060077CA5F /* DJLURLHandler.h */ = {isa = PBXFileReference; fileEncoding = 4; lastKnownFileType = sourcecode.c.h; path = DJLURLHandler.h; sourceTree = "<group>"; };
		50E60056286DF4060077CA5F /* NSString+DJL.m */ = {isa = PBXFileReference; fileEncoding = 4; lastKnownFileType = sourcecode.c.objc; path = "NSString+DJL.m"; sourceTree = "<group>"; };
		50E60057286DF4060077CA5F /* NSDictionary+DJL.m */ = {isa = PBXFileReference; fileEncoding = 4; lastKnownFileType = sourcecode.c.objc; path = "NSDictionary+DJL.m"; sourceTree = "<group>"; };
		50E60058286DF4060077CA5F /* DJLURLHandler.m */ = {isa = PBXFileReference; fileEncoding = 4; lastKnownFileType = sourcecode.c.objc; path = DJLURLHandler.m; sourceTree = "<group>"; };
		50E60059286DF4060077CA5F /* NSDictionary+DJL.h */ = {isa = PBXFileReference; fileEncoding = 4; lastKnownFileType = sourcecode.c.h; path = "NSDictionary+DJL.h"; sourceTree = "<group>"; };
		50E6005A286DF4060077CA5F /* NSString+DJL.h */ = {isa = PBXFileReference; fileEncoding = 4; lastKnownFileType = sourcecode.c.h; path = "NSString+DJL.h"; sourceTree = "<group>"; };
		50E6005E286DFBBA0077CA5F /* NSURL+DJL.m */ = {isa = PBXFileReference; fileEncoding = 4; lastKnownFileType = sourcecode.c.objc; path = "NSURL+DJL.m"; sourceTree = "<group>"; };
		50E6005F286DFBBA0077CA5F /* NSURL+DJL.h */ = {isa = PBXFileReference; fileEncoding = 4; lastKnownFileType = sourcecode.c.h; path = "NSURL+DJL.h"; sourceTree = "<group>"; };
		C6A2C6F42423D44B00DAA557 /* getInboxCount.js */ = {isa = PBXFileReference; lastKnownFileType = sourcecode.javascript; path = getInboxCount.js; sourceTree = "<group>"; };
		C6A2C6F72423DA8700DAA557 /* New Mail.aiff */ = {isa = PBXFileReference; lastKnownFileType = audio.aiff; path = "New Mail.aiff"; sourceTree = "<group>"; };
		C6A2C6FA2423DA9000DAA557 /* Mail Sent.aiff */ = {isa = PBXFileReference; lastKnownFileType = audio.aiff; path = "Mail Sent.aiff"; sourceTree = "<group>"; };
		C6A2C6FD2423DBB200DAA557 /* Notifications.swift */ = {isa = PBXFileReference; lastKnownFileType = sourcecode.swift; path = Notifications.swift; sourceTree = "<group>"; };
		C6A5766A2424269600B624AB /* WebKit.framework */ = {isa = PBXFileReference; lastKnownFileType = wrapper.framework; name = WebKit.framework; path = System/Library/Frameworks/WebKit.framework; sourceTree = SDKROOT; };
		C6A5766D24242A1100B624AB /* HiddenWebView.swift */ = {isa = PBXFileReference; lastKnownFileType = sourcecode.swift; path = HiddenWebView.swift; sourceTree = "<group>"; };
		C6A5767024242B2D00B624AB /* checkForLogin.js */ = {isa = PBXFileReference; fileEncoding = 4; lastKnownFileType = sourcecode.javascript; path = checkForLogin.js; sourceTree = "<group>"; };
		C6A5767324242D2F00B624AB /* FMWebView.swift */ = {isa = PBXFileReference; lastKnownFileType = sourcecode.swift; path = FMWebView.swift; sourceTree = "<group>"; };
		C6A576762424316000B624AB /* getUnreadEmails.js */ = {isa = PBXFileReference; fileEncoding = 4; lastKnownFileType = sourcecode.javascript; path = getUnreadEmails.js; sourceTree = "<group>"; };
		C6AE9BDA2429AE9C0052676D /* Account.swift */ = {isa = PBXFileReference; lastKnownFileType = sourcecode.swift; path = Account.swift; sourceTree = "<group>"; };
		C6AE9BDD2429B48C0052676D /* AccountWindowController.xib */ = {isa = PBXFileReference; fileEncoding = 4; lastKnownFileType = file.xib; path = AccountWindowController.xib; sourceTree = "<group>"; };
		C6AE9BE32429BD590052676D /* EmailMemory.swift */ = {isa = PBXFileReference; lastKnownFileType = sourcecode.swift; path = EmailMemory.swift; sourceTree = "<group>"; };
		C6FF257D241A866F00C896DA /* Fastmail.app */ = {isa = PBXFileReference; explicitFileType = wrapper.application; includeInIndex = 0; path = Fastmail.app; sourceTree = BUILT_PRODUCTS_DIR; };
		C6FF2580241A866F00C896DA /* AppDelegate.swift */ = {isa = PBXFileReference; lastKnownFileType = sourcecode.swift; path = AppDelegate.swift; sourceTree = "<group>"; };
		C6FF2582241A867400C896DA /* Assets.xcassets */ = {isa = PBXFileReference; lastKnownFileType = folder.assetcatalog; path = Assets.xcassets; sourceTree = "<group>"; };
		C6FF2585241A867400C896DA /* Base */ = {isa = PBXFileReference; lastKnownFileType = file.xib; name = Base; path = Base.lproj/MainMenu.xib; sourceTree = "<group>"; };
		C6FF2587241A867400C896DA /* Info.plist */ = {isa = PBXFileReference; lastKnownFileType = text.plist.xml; path = Info.plist; sourceTree = "<group>"; };
		C6FF2588241A867400C896DA /* macOS.entitlements */ = {isa = PBXFileReference; lastKnownFileType = text.plist.entitlements; path = macOS.entitlements; sourceTree = "<group>"; };
		C6FF2599241A8B8600C896DA /* AccountWindowController.swift */ = {isa = PBXFileReference; fileEncoding = 4; lastKnownFileType = sourcecode.swift; path = AccountWindowController.swift; sourceTree = "<group>"; };
		C6FF25C9241A8EB300C896DA /* Constants.swift */ = {isa = PBXFileReference; fileEncoding = 4; lastKnownFileType = sourcecode.swift; path = Constants.swift; sourceTree = "<group>"; };
		C6FF25CB241A92AD00C896DA /* Extensions.swift */ = {isa = PBXFileReference; fileEncoding = 4; lastKnownFileType = sourcecode.swift; path = Extensions.swift; sourceTree = "<group>"; };
		C6FF25CE241A932F00C896DA /* PrefsWindowController.xib */ = {isa = PBXFileReference; fileEncoding = 4; lastKnownFileType = file.xib; path = PrefsWindowController.xib; sourceTree = "<group>"; };
		C6FF25CF241A932F00C896DA /* PrefsWindowController.swift */ = {isa = PBXFileReference; fileEncoding = 4; lastKnownFileType = sourcecode.swift; path = PrefsWindowController.swift; sourceTree = "<group>"; };
		C6FF25E2241A9C7900C896DA /* Defaults.plist */ = {isa = PBXFileReference; lastKnownFileType = text.plist.xml; path = Defaults.plist; sourceTree = "<group>"; };
/* End PBXFileReference section */

/* Begin PBXFrameworksBuildPhase section */
		C6FF257A241A866F00C896DA /* Frameworks */ = {
			isa = PBXFrameworksBuildPhase;
			buildActionMask = 2147483647;
			files = (
				C6A5766B2424269600B624AB /* WebKit.framework in Frameworks */,
			);
			runOnlyForDeploymentPostprocessing = 0;
		};
/* End PBXFrameworksBuildPhase section */

/* Begin PBXGroup section */
		0BE9D0652CDF6C8046C33C53 /* Frameworks */ = {
			isa = PBXGroup;
			children = (
				C6A5766A2424269600B624AB /* WebKit.framework */,
			);
			name = Frameworks;
			sourceTree = "<group>";
		};
		50E60054286DF4060077CA5F /* DejaLu */ = {
			isa = PBXGroup;
			children = (
				50E60055286DF4060077CA5F /* DJLURLHandler.h */,
				50E60058286DF4060077CA5F /* DJLURLHandler.m */,
				50E60059286DF4060077CA5F /* NSDictionary+DJL.h */,
				50E60057286DF4060077CA5F /* NSDictionary+DJL.m */,
				50E6005A286DF4060077CA5F /* NSString+DJL.h */,
				50E60056286DF4060077CA5F /* NSString+DJL.m */,
				50E6005F286DFBBA0077CA5F /* NSURL+DJL.h */,
				50E6005E286DFBBA0077CA5F /* NSURL+DJL.m */,
			);
			path = DejaLu;
			sourceTree = "<group>";
		};
		C6FF2574241A866F00C896DA = {
			isa = PBXGroup;
			children = (
				C6FF257F241A866F00C896DA /* macOS */,
				C6FF257E241A866F00C896DA /* Products */,
				0BE9D0652CDF6C8046C33C53 /* Frameworks */,
			);
			sourceTree = "<group>";
		};
		C6FF257E241A866F00C896DA /* Products */ = {
			isa = PBXGroup;
			children = (
				C6FF257D241A866F00C896DA /* Fastmail.app */,
			);
			name = Products;
			sourceTree = "<group>";
		};
		C6FF257F241A866F00C896DA /* macOS */ = {
			isa = PBXGroup;
			children = (
				50E60054286DF4060077CA5F /* DejaLu */,
				C6FF2580241A866F00C896DA /* AppDelegate.swift */,
				C6FF25C9241A8EB300C896DA /* Constants.swift */,
				C6A2C6FD2423DBB200DAA557 /* Notifications.swift */,
				C6AE9BE32429BD590052676D /* EmailMemory.swift */,
				C6FF25CB241A92AD00C896DA /* Extensions.swift */,
				C6FF2592241A8B5F00C896DA /* Models */,
				C6FF2594241A8B7400C896DA /* Controllers */,
				C6FF2593241A8B6700C896DA /* XIBs */,
				C6FF25BB241A8D7700C896DA /* UI */,
				C6FF25E4241A9ED000C896DA /* Resources */,
				C6FF2582241A867400C896DA /* Assets.xcassets */,
				C6FF2587241A867400C896DA /* Info.plist */,
				C6FF2588241A867400C896DA /* macOS.entitlements */,
				50E60041286BA8E20077CA5F /* Fastmail-Bridging-Header.h */,
			);
			path = macOS;
			sourceTree = "<group>";
		};
		C6FF2592241A8B5F00C896DA /* Models */ = {
			isa = PBXGroup;
			children = (
				C6AE9BDA2429AE9C0052676D /* Account.swift */,
			);
			path = Models;
			sourceTree = "<group>";
		};
		C6FF2593241A8B6700C896DA /* XIBs */ = {
			isa = PBXGroup;
			children = (
				C6FF2584241A867400C896DA /* MainMenu.xib */,
				C6AE9BDD2429B48C0052676D /* AccountWindowController.xib */,
				C6FF25CE241A932F00C896DA /* PrefsWindowController.xib */,
			);
			path = XIBs;
			sourceTree = "<group>";
		};
		C6FF2594241A8B7400C896DA /* Controllers */ = {
			isa = PBXGroup;
			children = (
				C6FF2599241A8B8600C896DA /* AccountWindowController.swift */,
				C6FF25CF241A932F00C896DA /* PrefsWindowController.swift */,
			);
			path = Controllers;
			sourceTree = "<group>";
		};
		C6FF25BB241A8D7700C896DA /* UI */ = {
			isa = PBXGroup;
			children = (
				C6A5767324242D2F00B624AB /* FMWebView.swift */,
				C6A5766D24242A1100B624AB /* HiddenWebView.swift */,
			);
			path = UI;
			sourceTree = "<group>";
		};
		C6FF25E4241A9ED000C896DA /* Resources */ = {
			isa = PBXGroup;
			children = (
				C6FF25E2241A9C7900C896DA /* Defaults.plist */,
				C6A2C6F72423DA8700DAA557 /* New Mail.aiff */,
				C6A2C6FA2423DA9000DAA557 /* Mail Sent.aiff */,
				C6A576762424316000B624AB /* getUnreadEmails.js */,
				C6A2C6F42423D44B00DAA557 /* getInboxCount.js */,
				C6A5767024242B2D00B624AB /* checkForLogin.js */,
			);
			path = Resources;
			sourceTree = "<group>";
		};
/* End PBXGroup section */

/* Begin PBXNativeTarget section */
		C6FF257C241A866F00C896DA /* Fastmail */ = {
			isa = PBXNativeTarget;
			buildConfigurationList = C6FF258B241A867400C896DA /* Build configuration list for PBXNativeTarget "Fastmail" */;
			buildPhases = (
				C6FF2579241A866F00C896DA /* Sources */,
				C6FF257A241A866F00C896DA /* Frameworks */,
				C6FF257B241A866F00C896DA /* Resources */,
				C6FF2590241A899C00C896DA /* Copy Frameworks */,
			);
			buildRules = (
			);
			dependencies = (
			);
			name = Fastmail;
			productName = Spotter;
			productReference = C6FF257D241A866F00C896DA /* Fastmail.app */;
			productType = "com.apple.product-type.application";
		};
/* End PBXNativeTarget section */

/* Begin PBXProject section */
		C6FF2575241A866F00C896DA /* Project object */ = {
			isa = PBXProject;
			attributes = {
				LastSwiftUpdateCheck = 1130;
				LastUpgradeCheck = 1130;
				ORGANIZATIONNAME = "Your Company";
				TargetAttributes = {
					C6FF257C241A866F00C896DA = {
						CreatedOnToolsVersion = 11.3.1;
						LastSwiftMigration = 1330;
					};
				};
			};
			buildConfigurationList = C6FF2578241A866F00C896DA /* Build configuration list for PBXProject "Fastmail" */;
			compatibilityVersion = "Xcode 9.3";
			developmentRegion = en;
			hasScannedForEncodings = 0;
			knownRegions = (
				en,
				Base,
			);
			mainGroup = C6FF2574241A866F00C896DA;
			productRefGroup = C6FF257E241A866F00C896DA /* Products */;
			projectDirPath = "";
			projectRoot = "";
			targets = (
				C6FF257C241A866F00C896DA /* Fastmail */,
			);
		};
/* End PBXProject section */

/* Begin PBXResourcesBuildPhase section */
		C6FF257B241A866F00C896DA /* Resources */ = {
			isa = PBXResourcesBuildPhase;
			buildActionMask = 2147483647;
			files = (
				C6A2C6FB2423DA9000DAA557 /* Mail Sent.aiff in Resources */,
				C6FF2583241A867400C896DA /* Assets.xcassets in Resources */,
				C6A2C6F82423DA8700DAA557 /* New Mail.aiff in Resources */,
				C6FF25E3241A9C7900C896DA /* Defaults.plist in Resources */,
				C6A5767124242B2D00B624AB /* checkForLogin.js in Resources */,
				C6FF25D0241A932F00C896DA /* PrefsWindowController.xib in Resources */,
				C6AE9BDE2429B48C0052676D /* AccountWindowController.xib in Resources */,
				C6A576772424316000B624AB /* getUnreadEmails.js in Resources */,
				C6A2C6F52423D44B00DAA557 /* getInboxCount.js in Resources */,
				C6FF2586241A867400C896DA /* MainMenu.xib in Resources */,
			);
			runOnlyForDeploymentPostprocessing = 0;
		};
/* End PBXResourcesBuildPhase section */

/* Begin PBXSourcesBuildPhase section */
		C6FF2579241A866F00C896DA /* Sources */ = {
			isa = PBXSourcesBuildPhase;
			buildActionMask = 2147483647;
			files = (
				C6FF2581241A866F00C896DA /* AppDelegate.swift in Sources */,
				C6A5767424242D2F00B624AB /* FMWebView.swift in Sources */,
				C6A5766E24242A1100B624AB /* HiddenWebView.swift in Sources */,
				C6FF25CC241A92AD00C896DA /* Extensions.swift in Sources */,
				C6FF25D1241A932F00C896DA /* PrefsWindowController.swift in Sources */,
				50E60060286DFBBA0077CA5F /* NSURL+DJL.m in Sources */,
				50E6005C286DF4060077CA5F /* NSDictionary+DJL.m in Sources */,
				50E6005D286DF4060077CA5F /* DJLURLHandler.m in Sources */,
				C6FF25AB241A8B8600C896DA /* AccountWindowController.swift in Sources */,
				C6A2C6FE2423DBB200DAA557 /* Notifications.swift in Sources */,
				C6FF25CA241A8EB300C896DA /* Constants.swift in Sources */,
				C6AE9BE42429BD590052676D /* EmailMemory.swift in Sources */,
				50E6005B286DF4060077CA5F /* NSString+DJL.m in Sources */,
				C6AE9BDB2429AE9C0052676D /* Account.swift in Sources */,
			);
			runOnlyForDeploymentPostprocessing = 0;
		};
/* End PBXSourcesBuildPhase section */

/* Begin PBXVariantGroup section */
		C6FF2584241A867400C896DA /* MainMenu.xib */ = {
			isa = PBXVariantGroup;
			children = (
				C6FF2585241A867400C896DA /* Base */,
			);
			name = MainMenu.xib;
			sourceTree = "<group>";
		};
/* End PBXVariantGroup section */

/* Begin XCBuildConfiguration section */
		C6FF2589241A867400C896DA /* Debug */ = {
			isa = XCBuildConfiguration;
			buildSettings = {
				ALWAYS_SEARCH_USER_PATHS = NO;
				CLANG_ANALYZER_NONNULL = YES;
				CLANG_ANALYZER_NUMBER_OBJECT_CONVERSION = YES_AGGRESSIVE;
				CLANG_CXX_LANGUAGE_STANDARD = "gnu++14";
				CLANG_CXX_LIBRARY = "libc++";
				CLANG_ENABLE_MODULES = YES;
				CLANG_ENABLE_OBJC_ARC = YES;
				CLANG_ENABLE_OBJC_WEAK = YES;
				CLANG_WARN_BLOCK_CAPTURE_AUTORELEASING = YES;
				CLANG_WARN_BOOL_CONVERSION = YES;
				CLANG_WARN_COMMA = YES;
				CLANG_WARN_CONSTANT_CONVERSION = YES;
				CLANG_WARN_DEPRECATED_OBJC_IMPLEMENTATIONS = YES;
				CLANG_WARN_DIRECT_OBJC_ISA_USAGE = YES_ERROR;
				CLANG_WARN_DOCUMENTATION_COMMENTS = YES;
				CLANG_WARN_EMPTY_BODY = YES;
				CLANG_WARN_ENUM_CONVERSION = YES;
				CLANG_WARN_INFINITE_RECURSION = YES;
				CLANG_WARN_INT_CONVERSION = YES;
				CLANG_WARN_NON_LITERAL_NULL_CONVERSION = YES;
				CLANG_WARN_OBJC_IMPLICIT_RETAIN_SELF = YES;
				CLANG_WARN_OBJC_LITERAL_CONVERSION = YES;
				CLANG_WARN_OBJC_ROOT_CLASS = YES_ERROR;
				CLANG_WARN_RANGE_LOOP_ANALYSIS = YES;
				CLANG_WARN_STRICT_PROTOTYPES = YES;
				CLANG_WARN_SUSPICIOUS_MOVE = YES;
				CLANG_WARN_UNGUARDED_AVAILABILITY = YES_AGGRESSIVE;
				CLANG_WARN_UNREACHABLE_CODE = YES;
				CLANG_WARN__DUPLICATE_METHOD_MATCH = YES;
				COPY_PHASE_STRIP = NO;
				DEBUG_INFORMATION_FORMAT = dwarf;
				ENABLE_STRICT_OBJC_MSGSEND = YES;
				ENABLE_TESTABILITY = YES;
				GCC_C_LANGUAGE_STANDARD = gnu11;
				GCC_DYNAMIC_NO_PIC = NO;
				GCC_NO_COMMON_BLOCKS = YES;
				GCC_OPTIMIZATION_LEVEL = 0;
				GCC_PREPROCESSOR_DEFINITIONS = (
					"DEBUG=1",
					"$(inherited)",
				);
				GCC_WARN_64_TO_32_BIT_CONVERSION = YES;
				GCC_WARN_ABOUT_RETURN_TYPE = YES_ERROR;
				GCC_WARN_UNDECLARED_SELECTOR = YES;
				GCC_WARN_UNINITIALIZED_AUTOS = YES_AGGRESSIVE;
				GCC_WARN_UNUSED_FUNCTION = YES;
				GCC_WARN_UNUSED_VARIABLE = YES;
				MACOSX_DEPLOYMENT_TARGET = 10.14;
				MTL_ENABLE_DEBUG_INFO = INCLUDE_SOURCE;
				MTL_FAST_MATH = YES;
				ONLY_ACTIVE_ARCH = YES;
				SDKROOT = macosx;
				SWIFT_ACTIVE_COMPILATION_CONDITIONS = DEBUG;
				SWIFT_OPTIMIZATION_LEVEL = "-Onone";
			};
			name = Debug;
		};
		C6FF258A241A867400C896DA /* Release */ = {
			isa = XCBuildConfiguration;
			buildSettings = {
				ALWAYS_SEARCH_USER_PATHS = NO;
				CLANG_ANALYZER_NONNULL = YES;
				CLANG_ANALYZER_NUMBER_OBJECT_CONVERSION = YES_AGGRESSIVE;
				CLANG_CXX_LANGUAGE_STANDARD = "gnu++14";
				CLANG_CXX_LIBRARY = "libc++";
				CLANG_ENABLE_MODULES = YES;
				CLANG_ENABLE_OBJC_ARC = YES;
				CLANG_ENABLE_OBJC_WEAK = YES;
				CLANG_WARN_BLOCK_CAPTURE_AUTORELEASING = YES;
				CLANG_WARN_BOOL_CONVERSION = YES;
				CLANG_WARN_COMMA = YES;
				CLANG_WARN_CONSTANT_CONVERSION = YES;
				CLANG_WARN_DEPRECATED_OBJC_IMPLEMENTATIONS = YES;
				CLANG_WARN_DIRECT_OBJC_ISA_USAGE = YES_ERROR;
				CLANG_WARN_DOCUMENTATION_COMMENTS = YES;
				CLANG_WARN_EMPTY_BODY = YES;
				CLANG_WARN_ENUM_CONVERSION = YES;
				CLANG_WARN_INFINITE_RECURSION = YES;
				CLANG_WARN_INT_CONVERSION = YES;
				CLANG_WARN_NON_LITERAL_NULL_CONVERSION = YES;
				CLANG_WARN_OBJC_IMPLICIT_RETAIN_SELF = YES;
				CLANG_WARN_OBJC_LITERAL_CONVERSION = YES;
				CLANG_WARN_OBJC_ROOT_CLASS = YES_ERROR;
				CLANG_WARN_RANGE_LOOP_ANALYSIS = YES;
				CLANG_WARN_STRICT_PROTOTYPES = YES;
				CLANG_WARN_SUSPICIOUS_MOVE = YES;
				CLANG_WARN_UNGUARDED_AVAILABILITY = YES_AGGRESSIVE;
				CLANG_WARN_UNREACHABLE_CODE = YES;
				CLANG_WARN__DUPLICATE_METHOD_MATCH = YES;
				COPY_PHASE_STRIP = NO;
				DEBUG_INFORMATION_FORMAT = "dwarf-with-dsym";
				ENABLE_NS_ASSERTIONS = NO;
				ENABLE_STRICT_OBJC_MSGSEND = YES;
				GCC_C_LANGUAGE_STANDARD = gnu11;
				GCC_NO_COMMON_BLOCKS = YES;
				GCC_WARN_64_TO_32_BIT_CONVERSION = YES;
				GCC_WARN_ABOUT_RETURN_TYPE = YES_ERROR;
				GCC_WARN_UNDECLARED_SELECTOR = YES;
				GCC_WARN_UNINITIALIZED_AUTOS = YES_AGGRESSIVE;
				GCC_WARN_UNUSED_FUNCTION = YES;
				GCC_WARN_UNUSED_VARIABLE = YES;
				MACOSX_DEPLOYMENT_TARGET = 10.14;
				MTL_ENABLE_DEBUG_INFO = NO;
				MTL_FAST_MATH = YES;
				SDKROOT = macosx;
				SWIFT_COMPILATION_MODE = wholemodule;
				SWIFT_OPTIMIZATION_LEVEL = "-O";
			};
			name = Release;
		};
		C6FF258C241A867400C896DA /* Debug */ = {
			isa = XCBuildConfiguration;
			buildSettings = {
				ASSETCATALOG_COMPILER_APPICON_NAME = AppIcon;
				CLANG_ENABLE_MODULES = YES;
				CODE_SIGN_ENTITLEMENTS = macOS/macOS.entitlements;
				CODE_SIGN_IDENTITY = "-";
				CODE_SIGN_STYLE = Automatic;
				COMBINE_HIDPI_IMAGES = YES;
				CURRENT_PROJECT_VERSION = 1;
				DEVELOPMENT_TEAM = 3A6K89K388;
				ENABLE_HARDENED_RUNTIME = YES;
				FRAMEWORK_SEARCH_PATHS = (
					"$(inherited)",
					"$(PROJECT_DIR)/macOS",
				);
				GCC_PREPROCESSOR_DEFINITIONS = (
					"$(inherited)",
					"COCOAPODS=1",
					"SPARKLE=1",
				);
				INFOPLIST_FILE = macOS/Info.plist;
				LD_RUNPATH_SEARCH_PATHS = (
					"$(inherited)",
					"@executable_path/../Frameworks",
				);
				MACOSX_DEPLOYMENT_TARGET = 10.14;
				MARKETING_VERSION = 1.0;
				PRODUCT_BUNDLE_IDENTIFIER = io.tyler.Fastmail;
				PRODUCT_NAME = "$(TARGET_NAME)";
				SWIFT_OBJC_BRIDGING_HEADER = "macOS/Fastmail-Bridging-Header.h";
				SWIFT_OPTIMIZATION_LEVEL = "-Onone";
				SWIFT_VERSION = 5.0;
				VERSIONING_SYSTEM = "apple-generic";
			};
			name = Debug;
		};
		C6FF258D241A867400C896DA /* Release */ = {
			isa = XCBuildConfiguration;
			buildSettings = {
				ASSETCATALOG_COMPILER_APPICON_NAME = AppIcon;
				CLANG_ENABLE_MODULES = YES;
				CODE_SIGN_ENTITLEMENTS = macOS/macOS.entitlements;
				CODE_SIGN_IDENTITY = "-";
				CODE_SIGN_STYLE = Automatic;
				COMBINE_HIDPI_IMAGES = YES;
				CURRENT_PROJECT_VERSION = 1;
				DEVELOPMENT_TEAM = 3A6K89K388;
				ENABLE_HARDENED_RUNTIME = YES;
				FRAMEWORK_SEARCH_PATHS = (
					"$(inherited)",
					"$(PROJECT_DIR)/macOS",
				);
				GCC_PREPROCESSOR_DEFINITIONS = (
					"$(inherited)",
					"COCOAPODS=1",
					"SPARKLE=1",
				);
				INFOPLIST_FILE = macOS/Info.plist;
				LD_RUNPATH_SEARCH_PATHS = (
					"$(inherited)",
					"@executable_path/../Frameworks",
				);
				MACOSX_DEPLOYMENT_TARGET = 10.14;
				MARKETING_VERSION = 1.0;
				PRODUCT_BUNDLE_IDENTIFIER = io.tyler.Fastmail;
				PRODUCT_NAME = "$(TARGET_NAME)";
				SWIFT_OBJC_BRIDGING_HEADER = "macOS/Fastmail-Bridging-Header.h";
				SWIFT_VERSION = 5.0;
				VERSIONING_SYSTEM = "apple-generic";
			};
			name = Release;
		};
/* End XCBuildConfiguration section */

/* Begin XCConfigurationList section */
		C6FF2578241A866F00C896DA /* Build configuration list for PBXProject "Fastmail" */ = {
			isa = XCConfigurationList;
			buildConfigurations = (
				C6FF2589241A867400C896DA /* Debug */,
				C6FF258A241A867400C896DA /* Release */,
			);
			defaultConfigurationIsVisible = 0;
			defaultConfigurationName = Release;
		};
		C6FF258B241A867400C896DA /* Build configuration list for PBXNativeTarget "Fastmail" */ = {
			isa = XCConfigurationList;
			buildConfigurations = (
				C6FF258C241A867400C896DA /* Debug */,
				C6FF258D241A867400C896DA /* Release */,
			);
			defaultConfigurationIsVisible = 0;
			defaultConfigurationName = Release;
		};
/* End XCConfigurationList section */
	};
	rootObject = C6FF2575241A866F00C896DA /* Project object */;
}
